
Microsoft Visual Studio Solution File, Format Version 12.00
# Visual Studio Version 17
VisualStudioVersion = 17.10.35004.147
MinimumVisualStudioVersion = 10.0.40219.1
Project("{FAE04EC0-301F-11D3-BF4B-00C04F79EFBC}") = "editor", "editor.csproj", "{762317C8-ED07-4AA7-9D61-1885A1BD3669}"
EndProject
Global
	GlobalSection(SolutionConfigurationPlatforms) = preSolution
		Debug|Any CPU = Debug|Any CPU
		Release|Any CPU = Release|Any CPU
	EndGlobalSection
	GlobalSection(ProjectConfigurationPlatforms) = postSolution
		{762317C8-ED07-4AA7-9D61-1885A1BD3669}.Debug|Any CPU.ActiveCfg = Debug|Any CPU
		{762317C8-ED07-4AA7-9D61-1885A1BD3669}.Debug|Any CPU.Build.0 = Debug|Any CPU
		{762317C8-ED07-4AA7-9D61-1885A1BD3669}.Release|Any CPU.ActiveCfg = Release|Any CPU
		{762317C8-ED07-4AA7-9D61-1885A1BD3669}.Release|Any CPU.Build.0 = Release|Any CPU
	EndGlobalSection
	GlobalSection(SolutionProperties) = preSolution
		HideSolutionNode = FALSE
	EndGlobalSection
	GlobalSection(ExtensibilityGlobals) = postSolution
		SolutionGuid = {172C6A96-6736-49CA-843B-489218D18E47}
	EndGlobalSection
EndGlobal
